<?xml version="1.0" encoding="utf-8"?>
<Project ToolsVersion="4.0" xmlns="http://schemas.microsoft.com/developer/msbuild/2003">
  <ItemGroup>
    <Filter Include="Resource Files">
      <UniqueIdentifier>{67DA6AB6-F800-4c08-8B7A-83BB121AAD01}</UniqueIdentifier>
      <Extensions>rc;ico;cur;bmp;dlg;rc2;rct;bin;rgs;gif;jpg;jpeg;jpe;resx;tiff;tif;png;wav;mfcribbon-ms</Extensions>
    </Filter>
    <Filter Include="SporeCreationZIPPorter">
      <UniqueIdentifier>{3880d018-2395-4502-abfe-4b83e0817aab}</UniqueIdentifier>
    </Filter>
    <Filter Include="Internal">
      <UniqueIdentifier>{d62ad12d-69d8-4933-8342-03043c9adc22}</UniqueIdentifier>
    </Filter>
    <Filter Include="SporeCreationZIPPorter\Cheats">
      <UniqueIdentifier>{5fbbb20a-c4f8-4ad1-a550-ce57b41750fd}</UniqueIdentifier>
    </Filter>
    <Filter Include="SporeCreationZIPPorter\Headers">
      <UniqueIdentifier>{3dd50be5-3076-4a90-9578-ac60e79a2863}</UniqueIdentifier>
    </Filter>
    <Filter Include="SporeCreationZIPPorter\Headers\Cheats">
      <UniqueIdentifier>{b68286e5-606e-4e56-81a1-f29667337fbe}</UniqueIdentifier>
    </Filter>
  </ItemGroup>
  <ItemGroup>
    <ClInclude Include="targetver.h">
      <Filter>Internal</Filter>
    </ClInclude>
    <ClInclude Include="stdafx.h">
      <Filter>Internal</Filter>
    </ClInclude>
    <ClInclude Include="CheckForZIPs.h">
      <Filter>SporeCreationZIPPorter\Headers\Cheats</Filter>
    </ClInclude>
    <ClInclude Include="DownloadAssets.h">
      <Filter>SporeCreationZIPPorter\Headers\Cheats</Filter>
    </ClInclude>
    <ClInclude Include="DownloadCreation.h">
      <Filter>SporeCreationZIPPorter\Headers\Cheats</Filter>
    </ClInclude>
    <ClInclude Include="ImportFromURL.h">
      <Filter>SporeCreationZIPPorter\Headers\Cheats</Filter>
    </ClInclude>
    <ClInclude Include="ZIPExport.h">
      <Filter>SporeCreationZIPPorter\Headers\Cheats</Filter>
    </ClInclude>
    <ClInclude Include="AlternativePackageLocations.h">
      <Filter>SporeCreationZIPPorter\Headers</Filter>
    </ClInclude>
    <ClInclude Include="DetourClasses.h">
      <Filter>SporeCreationZIPPorter\Headers</Filter>
    </ClInclude>
    <ClInclude Include="OpenFileMessage.h">
      <Filter>SporeCreationZIPPorter\Headers</Filter>
    </ClInclude>
    <ClInclude Include="ZipManager.h">
      <Filter>SporeCreationZIPPorter\Headers</Filter>
    </ClInclude>
    <ClInclude Include="ZipLib.h">
      <Filter>SporeCreationZIPPorter\Headers</Filter>
    </ClInclude>
    <ClInclude Include="PackageNameChecker.h">
      <Filter>SporeCreationZIPPorter\Headers</Filter>
    </ClInclude>
    <ClInclude Include="Import.h">
      <Filter>SporeCreationZIPPorter\Headers\Cheats</Filter>
    </ClInclude>
  </ItemGroup>
  <ItemGroup>
    <ClCompile Include="dllmain.cpp">
      <Filter>SporeCreationZIPPorter</Filter>
    </ClCompile>
    <ClCompile Include="stdafx.cpp">
      <Filter>Internal</Filter>
    </ClCompile>
    <ClCompile Include="OpenFileMessage.cpp">
      <Filter>SporeCreationZIPPorter</Filter>
    </ClCompile>
    <ClCompile Include="AlternativePackageLocations.cpp">
      <Filter>SporeCreationZIPPorter</Filter>
    </ClCompile>
    <ClCompile Include="ZipManager.cpp">
      <Filter>SporeCreationZIPPorter</Filter>
    </ClCompile>
    <ClCompile Include="CheckForZIPs.cpp">
      <Filter>SporeCreationZIPPorter\Cheats</Filter>
    </ClCompile>
    <ClCompile Include="DownloadAssets.cpp">
      <Filter>SporeCreationZIPPorter\Cheats</Filter>
    </ClCompile>
    <ClCompile Include="DownloadCreation.cpp">
      <Filter>SporeCreationZIPPorter\Cheats</Filter>
    </ClCompile>
    <ClCompile Include="ImportFromURL.cpp">
      <Filter>SporeCreationZIPPorter\Cheats</Filter>
    </ClCompile>
    <ClCompile Include="ZIPExport.cpp">
      <Filter>SporeCreationZIPPorter\Cheats</Filter>
    </ClCompile>
    <ClCompile Include="PackageNameChecker.cpp">
      <Filter>SporeCreationZIPPorter</Filter>
    </ClCompile>
    <ClCompile Include="Import.cpp">
      <Filter>SporeCreationZIPPorter\Cheats</Filter>
    </ClCompile>
  </ItemGroup>
  <ItemGroup>
    <None Include="SdkPathConfig.props" />
  </ItemGroup>
  <ItemGroup>
    <Text Include="ReadMe.txt">
      <Filter>Internal</Filter>
    </Text>
  </ItemGroup>
</Project>